
Microsoft Visual Studio Solution File, Format Version 12.00
# Visual Studio 2012
Project("{8BC9CEB8-8B4A-11D0-8D11-00A0C91BC942}") = "DrawTetrahedronCube", "DrawTetrahedronCube\DrawTetrahedronCube.vcxproj", "{07F755D1-6FFC-4E76-A5EB-BC5B845E2B77}"
EndProject
Global
	GlobalSection(SolutionConfigurationPlatforms) = preSolution
		Debug|Win32 = Debug|Win32
		Release|Win32 = Release|Win32
	EndGlobalSection
	GlobalSection(ProjectConfigurationPlatforms) = postSolution
		{07F755D1-6FFC-4E76-A5EB-BC5B845E2B77}.Debug|Win32.ActiveCfg = Debug|Win32
		{07F755D1-6FFC-4E76-A5EB-BC5B845E2B77}.Debug|Win32.Build.0 = Debug|Win32
		{07F755D1-6FFC-4E76-A5EB-BC5B845E2B77}.Release|Win32.ActiveCfg = Release|Win32
		{07F755D1-6FFC-4E76-A5EB-BC5B845E2B77}.Release|Win32.Build.0 = Release|Win32
	EndGlobalSection
	GlobalSection(SolutionProperties) = preSolution
		HideSolutionNode = FALSE
	EndGlobalSection
EndGlobal
