
Microsoft Visual Studio Solution File, Format Version 12.00
# Visual Studio 2012
Project("{8BC9CEB8-8B4A-11D0-8D11-00A0C91BC942}") = "Anti-alasing", "Anti-alasing\Anti-alasing.vcxproj", "{1504DB1B-D7AC-4101-9FE6-365E87213AEA}"
EndProject
Global
	GlobalSection(SolutionConfigurationPlatforms) = preSolution
		Debug|Win32 = Debug|Win32
		Release|Win32 = Release|Win32
	EndGlobalSection
	GlobalSection(ProjectConfigurationPlatforms) = postSolution
		{1504DB1B-D7AC-4101-9FE6-365E87213AEA}.Debug|Win32.ActiveCfg = Debug|Win32
		{1504DB1B-D7AC-4101-9FE6-365E87213AEA}.Debug|Win32.Build.0 = Debug|Win32
		{1504DB1B-D7AC-4101-9FE6-365E87213AEA}.Release|Win32.ActiveCfg = Release|Win32
		{1504DB1B-D7AC-4101-9FE6-365E87213AEA}.Release|Win32.Build.0 = Release|Win32
	EndGlobalSection
	GlobalSection(SolutionProperties) = preSolution
		HideSolutionNode = FALSE
	EndGlobalSection
EndGlobal
