
Microsoft Visual Studio Solution File, Format Version 12.00
# Visual Studio 2012
Project("{8BC9CEB8-8B4A-11D0-8D11-00A0C91BC942}") = "InitGlut", "InitGlut\InitGlut.vcxproj", "{0ED5934A-E3FA-4FA5-8408-1D11BE836CF2}"
EndProject
Global
	GlobalSection(SolutionConfigurationPlatforms) = preSolution
		Debug|Win32 = Debug|Win32
		Release|Win32 = Release|Win32
	EndGlobalSection
	GlobalSection(ProjectConfigurationPlatforms) = postSolution
		{0ED5934A-E3FA-4FA5-8408-1D11BE836CF2}.Debug|Win32.ActiveCfg = Debug|Win32
		{0ED5934A-E3FA-4FA5-8408-1D11BE836CF2}.Debug|Win32.Build.0 = Debug|Win32
		{0ED5934A-E3FA-4FA5-8408-1D11BE836CF2}.Release|Win32.ActiveCfg = Release|Win32
		{0ED5934A-E3FA-4FA5-8408-1D11BE836CF2}.Release|Win32.Build.0 = Release|Win32
	EndGlobalSection
	GlobalSection(SolutionProperties) = preSolution
		HideSolutionNode = FALSE
	EndGlobalSection
EndGlobal
